
Microsoft Visual Studio Solution File, Format Version 12.00
# Visual Studio 15
VisualStudioVersion = 15.0.28010.2050
MinimumVisualStudioVersion = 10.0.40219.1
Project("{8BC9CEB8-8B4A-11D0-8D11-00A0C91BC942}") = "cliReader", "cliReader\cliReader.vcxproj", "{FEC83E87-F34C-49C3-B471-654CBE1B6CEA}"
EndProject
Global
	GlobalSection(SolutionConfigurationPlatforms) = preSolution
		Debug|x64 = Debug|x64
		Debug|x86 = Debug|x86
		Release|x64 = Release|x64
		Release|x86 = Release|x86
	EndGlobalSection
	GlobalSection(ProjectConfigurationPlatforms) = postSolution
		{FEC83E87-F34C-49C3-B471-654CBE1B6CEA}.Debug|x64.ActiveCfg = Debug|x64
		{FEC83E87-F34C-49C3-B471-654CBE1B6CEA}.Debug|x64.Build.0 = Debug|x64
		{FEC83E87-F34C-49C3-B471-654CBE1B6CEA}.Debug|x86.ActiveCfg = Debug|Win32
		{FEC83E87-F34C-49C3-B471-654CBE1B6CEA}.Debug|x86.Build.0 = Debug|Win32
		{FEC83E87-F34C-49C3-B471-654CBE1B6CEA}.Release|x64.ActiveCfg = Release|x64
		{FEC83E87-F34C-49C3-B471-654CBE1B6CEA}.Release|x64.Build.0 = Release|x64
		{FEC83E87-F34C-49C3-B471-654CBE1B6CEA}.Release|x86.ActiveCfg = Release|Win32
		{FEC83E87-F34C-49C3-B471-654CBE1B6CEA}.Release|x86.Build.0 = Release|Win32
	EndGlobalSection
	GlobalSection(SolutionProperties) = preSolution
		HideSolutionNode = FALSE
	EndGlobalSection
	GlobalSection(ExtensibilityGlobals) = postSolution
		SolutionGuid = {BF95FA74-AF63-4EFB-AF39-1C78C3370895}
	EndGlobalSection
EndGlobal
